
Microsoft Visual Studio Solution File, Format Version 12.00
# Visual Studio 15
VisualStudioVersion = 15.0.28010.2036
MinimumVisualStudioVersion = 10.0.40219.1
Project("{FAE04EC0-301F-11D3-BF4B-00C04F79EFBC}") = "App1.Android", "App1\App1.Android\App1.Android.csproj", "{2DD66D0F-3046-4ABB-8A6F-B3B8E230432E}"
EndProject
Project("{FAE04EC0-301F-11D3-BF4B-00C04F79EFBC}") = "App1.iOS", "App1\App1.iOS\App1.iOS.csproj", "{4678BE5B-3CD7-40FB-A5C6-6F01D3999086}"
EndProject
Project("{9A19103F-16F7-4668-BE54-9A1E7A4F7556}") = "App1", "App1\App1\App1.csproj", "{75A852E4-689A-4BD0-92E1-BA0937C87B30}"
EndProject
Global
	GlobalSection(SolutionConfigurationPlatforms) = preSolution
		Ad-Hoc|Any CPU = Ad-Hoc|Any CPU
		Ad-Hoc|iPhone = Ad-Hoc|iPhone
		Ad-Hoc|iPhoneSimulator = Ad-Hoc|iPhoneSimulator
		AppStore|Any CPU = AppStore|Any CPU
		AppStore|iPhone = AppStore|iPhone
		AppStore|iPhoneSimulator = AppStore|iPhoneSimulator
		Debug|Any CPU = Debug|Any CPU
		Debug|iPhone = Debug|iPhone
		Debug|iPhoneSimulator = Debug|iPhoneSimulator
		Release|Any CPU = Release|Any CPU
		Release|iPhone = Release|iPhone
		Release|iPhoneSimulator = Release|iPhoneSimulator
	EndGlobalSection
	GlobalSection(ProjectConfigurationPlatforms) = postSolution
		{2DD66D0F-3046-4ABB-8A6F-B3B8E230432E}.Ad-Hoc|Any CPU.ActiveCfg = Release|Any CPU
		{2DD66D0F-3046-4ABB-8A6F-B3B8E230432E}.Ad-Hoc|Any CPU.Build.0 = Release|Any CPU
		{2DD66D0F-3046-4ABB-8A6F-B3B8E230432E}.Ad-Hoc|Any CPU.Deploy.0 = Release|Any CPU
		{2DD66D0F-3046-4ABB-8A6F-B3B8E230432E}.Ad-Hoc|iPhone.ActiveCfg = Release|Any CPU
		{2DD66D0F-3046-4ABB-8A6F-B3B8E230432E}.Ad-Hoc|iPhone.Build.0 = Release|Any CPU
		{2DD66D0F-3046-4ABB-8A6F-B3B8E230432E}.Ad-Hoc|iPhone.Deploy.0 = Release|Any CPU
		{2DD66D0F-3046-4ABB-8A6F-B3B8E230432E}.Ad-Hoc|iPhoneSimulator.ActiveCfg = Release|Any CPU
		{2DD66D0F-3046-4ABB-8A6F-B3B8E230432E}.Ad-Hoc|iPhoneSimulator.Build.0 = Release|Any CPU
		{2DD66D0F-3046-4ABB-8A6F-B3B8E230432E}.Ad-Hoc|iPhoneSimulator.Deploy.0 = Release|Any CPU
		{2DD66D0F-3046-4ABB-8A6F-B3B8E230432E}.AppStore|Any CPU.ActiveCfg = Release|Any CPU
		{2DD66D0F-3046-4ABB-8A6F-B3B8E230432E}.AppStore|Any CPU.Build.0 = Release|Any CPU
		{2DD66D0F-3046-4ABB-8A6F-B3B8E230432E}.AppStore|Any CPU.Deploy.0 = Release|Any CPU
		{2DD66D0F-3046-4ABB-8A6F-B3B8E230432E}.AppStore|iPhone.ActiveCfg = Release|Any CPU
		{2DD66D0F-3046-4ABB-8A6F-B3B8E230432E}.AppStore|iPhone.Build.0 = Release|Any CPU
		{2DD66D0F-3046-4ABB-8A6F-B3B8E230432E}.AppStore|iPhone.Deploy.0 = Release|Any CPU
		{2DD66D0F-3046-4ABB-8A6F-B3B8E230432E}.AppStore|iPhoneSimulator.ActiveCfg = Release|Any CPU
		{2DD66D0F-3046-4ABB-8A6F-B3B8E230432E}.AppStore|iPhoneSimulator.Build.0 = Release|Any CPU
		{2DD66D0F-3046-4ABB-8A6F-B3B8E230432E}.AppStore|iPhoneSimulator.Deploy.0 = Release|Any CPU
		{2DD66D0F-3046-4ABB-8A6F-B3B8E230432E}.Debug|Any CPU.ActiveCfg = Debug|Any CPU
		{2DD66D0F-3046-4ABB-8A6F-B3B8E230432E}.Debug|Any CPU.Build.0 = Debug|Any CPU
		{2DD66D0F-3046-4ABB-8A6F-B3B8E230432E}.Debug|Any CPU.Deploy.0 = Debug|Any CPU
		{2DD66D0F-3046-4ABB-8A6F-B3B8E230432E}.Debug|iPhone.ActiveCfg = Debug|Any CPU
		{2DD66D0F-3046-4ABB-8A6F-B3B8E230432E}.Debug|iPhone.Build.0 = Debug|Any CPU
		{2DD66D0F-3046-4ABB-8A6F-B3B8E230432E}.Debug|iPhone.Deploy.0 = Debug|Any CPU
		{2DD66D0F-3046-4ABB-8A6F-B3B8E230432E}.Debug|iPhoneSimulator.ActiveCfg = Debug|Any CPU
		{2DD66D0F-3046-4ABB-8A6F-B3B8E230432E}.Debug|iPhoneSimulator.Build.0 = Debug|Any CPU
		{2DD66D0F-3046-4ABB-8A6F-B3B8E230432E}.Debug|iPhoneSimulator.Deploy.0 = Debug|Any CPU
		{2DD66D0F-3046-4ABB-8A6F-B3B8E230432E}.Release|Any CPU.ActiveCfg = Release|Any CPU
		{2DD66D0F-3046-4ABB-8A6F-B3B8E230432E}.Release|Any CPU.Build.0 = Release|Any CPU
		{2DD66D0F-3046-4ABB-8A6F-B3B8E230432E}.Release|Any CPU.Deploy.0 = Release|Any CPU
		{2DD66D0F-3046-4ABB-8A6F-B3B8E230432E}.Release|iPhone.ActiveCfg = Release|Any CPU
		{2DD66D0F-3046-4ABB-8A6F-B3B8E230432E}.Release|iPhone.Build.0 = Release|Any CPU
		{2DD66D0F-3046-4ABB-8A6F-B3B8E230432E}.Release|iPhone.Deploy.0 = Release|Any CPU
		{2DD66D0F-3046-4ABB-8A6F-B3B8E230432E}.Release|iPhoneSimulator.ActiveCfg = Release|Any CPU
		{2DD66D0F-3046-4ABB-8A6F-B3B8E230432E}.Release|iPhoneSimulator.Build.0 = Release|Any CPU
		{2DD66D0F-3046-4ABB-8A6F-B3B8E230432E}.Release|iPhoneSimulator.Deploy.0 = Release|Any CPU
		{4678BE5B-3CD7-40FB-A5C6-6F01D3999086}.Ad-Hoc|Any CPU.ActiveCfg = Ad-Hoc|iPhone
		{4678BE5B-3CD7-40FB-A5C6-6F01D3999086}.Ad-Hoc|Any CPU.Build.0 = Ad-Hoc|iPhone
		{4678BE5B-3CD7-40FB-A5C6-6F01D3999086}.Ad-Hoc|Any CPU.Deploy.0 = Ad-Hoc|iPhone
		{4678BE5B-3CD7-40FB-A5C6-6F01D3999086}.Ad-Hoc|iPhone.ActiveCfg = Ad-Hoc|iPhone
		{4678BE5B-3CD7-40FB-A5C6-6F01D3999086}.Ad-Hoc|iPhone.Build.0 = Ad-Hoc|iPhone
		{4678BE5B-3CD7-40FB-A5C6-6F01D3999086}.Ad-Hoc|iPhone.Deploy.0 = Ad-Hoc|iPhone
		{4678BE5B-3CD7-40FB-A5C6-6F01D3999086}.Ad-Hoc|iPhoneSimulator.ActiveCfg = Ad-Hoc|iPhoneSimulator
		{4678BE5B-3CD7-40FB-A5C6-6F01D3999086}.Ad-Hoc|iPhoneSimulator.Build.0 = Ad-Hoc|iPhoneSimulator
		{4678BE5B-3CD7-40FB-A5C6-6F01D3999086}.Ad-Hoc|iPhoneSimulator.Deploy.0 = Ad-Hoc|iPhoneSimulator
		{4678BE5B-3CD7-40FB-A5C6-6F01D3999086}.AppStore|Any CPU.ActiveCfg = AppStore|iPhone
		{4678BE5B-3CD7-40FB-A5C6-6F01D3999086}.AppStore|Any CPU.Build.0 = AppStore|iPhone
		{4678BE5B-3CD7-40FB-A5C6-6F01D3999086}.AppStore|Any CPU.Deploy.0 = AppStore|iPhone
		{4678BE5B-3CD7-40FB-A5C6-6F01D3999086}.AppStore|iPhone.ActiveCfg = AppStore|iPhone
		{4678BE5B-3CD7-40FB-A5C6-6F01D3999086}.AppStore|iPhone.Build.0 = AppStore|iPhone
		{4678BE5B-3CD7-40FB-A5C6-6F01D3999086}.AppStore|iPhone.Deploy.0 = AppStore|iPhone
		{4678BE5B-3CD7-40FB-A5C6-6F01D3999086}.AppStore|iPhoneSimulator.ActiveCfg = AppStore|iPhoneSimulator
		{4678BE5B-3CD7-40FB-A5C6-6F01D3999086}.AppStore|iPhoneSimulator.Build.0 = AppStore|iPhoneSimulator
		{4678BE5B-3CD7-40FB-A5C6-6F01D3999086}.AppStore|iPhoneSimulator.Deploy.0 = AppStore|iPhoneSimulator
		{4678BE5B-3CD7-40FB-A5C6-6F01D3999086}.Debug|Any CPU.ActiveCfg = Debug|iPhoneSimulator
		{4678BE5B-3CD7-40FB-A5C6-6F01D3999086}.Debug|Any CPU.Build.0 = Debug|iPhoneSimulator
		{4678BE5B-3CD7-40FB-A5C6-6F01D3999086}.Debug|Any CPU.Deploy.0 = Debug|iPhoneSimulator
		{4678BE5B-3CD7-40FB-A5C6-6F01D3999086}.Debug|iPhone.ActiveCfg = Debug|iPhone
		{4678BE5B-3CD7-40FB-A5C6-6F01D3999086}.Debug|iPhone.Build.0 = Debug|iPhone
		{4678BE5B-3CD7-40FB-A5C6-6F01D3999086}.Debug|iPhone.Deploy.0 = Debug|iPhone
		{4678BE5B-3CD7-40FB-A5C6-6F01D3999086}.Debug|iPhoneSimulator.ActiveCfg = Debug|iPhoneSimulator
		{4678BE5B-3CD7-40FB-A5C6-6F01D3999086}.Debug|iPhoneSimulator.Build.0 = Debug|iPhoneSimulator
		{4678BE5B-3CD7-40FB-A5C6-6F01D3999086}.Debug|iPhoneSimulator.Deploy.0 = Debug|iPhoneSimulator
		{4678BE5B-3CD7-40FB-A5C6-6F01D3999086}.Release|Any CPU.ActiveCfg = Release|iPhone
		{4678BE5B-3CD7-40FB-A5C6-6F01D3999086}.Release|Any CPU.Build.0 = Release|iPhone
		{4678BE5B-3CD7-40FB-A5C6-6F01D3999086}.Release|Any CPU.Deploy.0 = Release|iPhone
		{4678BE5B-3CD7-40FB-A5C6-6F01D3999086}.Release|iPhone.ActiveCfg = Release|iPhone
		{4678BE5B-3CD7-40FB-A5C6-6F01D3999086}.Release|iPhone.Build.0 = Release|iPhone
		{4678BE5B-3CD7-40FB-A5C6-6F01D3999086}.Release|iPhone.Deploy.0 = Release|iPhone
		{4678BE5B-3CD7-40FB-A5C6-6F01D3999086}.Release|iPhoneSimulator.ActiveCfg = Release|iPhoneSimulator
		{4678BE5B-3CD7-40FB-A5C6-6F01D3999086}.Release|iPhoneSimulator.Build.0 = Release|iPhoneSimulator
		{4678BE5B-3CD7-40FB-A5C6-6F01D3999086}.Release|iPhoneSimulator.Deploy.0 = Release|iPhoneSimulator
		{75A852E4-689A-4BD0-92E1-BA0937C87B30}.Ad-Hoc|Any CPU.ActiveCfg = Debug|Any CPU
		{75A852E4-689A-4BD0-92E1-BA0937C87B30}.Ad-Hoc|Any CPU.Build.0 = Debug|Any CPU
		{75A852E4-689A-4BD0-92E1-BA0937C87B30}.Ad-Hoc|Any CPU.Deploy.0 = Debug|Any CPU
		{75A852E4-689A-4BD0-92E1-BA0937C87B30}.Ad-Hoc|iPhone.ActiveCfg = Debug|Any CPU
		{75A852E4-689A-4BD0-92E1-BA0937C87B30}.Ad-Hoc|iPhone.Build.0 = Debug|Any CPU
		{75A852E4-689A-4BD0-92E1-BA0937C87B30}.Ad-Hoc|iPhone.Deploy.0 = Debug|Any CPU
		{75A852E4-689A-4BD0-92E1-BA0937C87B30}.Ad-Hoc|iPhoneSimulator.ActiveCfg = Debug|Any CPU
		{75A852E4-689A-4BD0-92E1-BA0937C87B30}.Ad-Hoc|iPhoneSimulator.Build.0 = Debug|Any CPU
		{75A852E4-689A-4BD0-92E1-BA0937C87B30}.Ad-Hoc|iPhoneSimulator.Deploy.0 = Debug|Any CPU
		{75A852E4-689A-4BD0-92E1-BA0937C87B30}.AppStore|Any CPU.ActiveCfg = Debug|Any CPU
		{75A852E4-689A-4BD0-92E1-BA0937C87B30}.AppStore|Any CPU.Build.0 = Debug|Any CPU
		{75A852E4-689A-4BD0-92E1-BA0937C87B30}.AppStore|Any CPU.Deploy.0 = Debug|Any CPU
		{75A852E4-689A-4BD0-92E1-BA0937C87B30}.AppStore|iPhone.ActiveCfg = Debug|Any CPU
		{75A852E4-689A-4BD0-92E1-BA0937C87B30}.AppStore|iPhone.Build.0 = Debug|Any CPU
		{75A852E4-689A-4BD0-92E1-BA0937C87B30}.AppStore|iPhone.Deploy.0 = Debug|Any CPU
		{75A852E4-689A-4BD0-92E1-BA0937C87B30}.AppStore|iPhoneSimulator.ActiveCfg = Debug|Any CPU
		{75A852E4-689A-4BD0-92E1-BA0937C87B30}.AppStore|iPhoneSimulator.Build.0 = Debug|Any CPU
		{75A852E4-689A-4BD0-92E1-BA0937C87B30}.AppStore|iPhoneSimulator.Deploy.0 = Debug|Any CPU
		{75A852E4-689A-4BD0-92E1-BA0937C87B30}.Debug|Any CPU.ActiveCfg = Debug|Any CPU
		{75A852E4-689A-4BD0-92E1-BA0937C87B30}.Debug|Any CPU.Build.0 = Debug|Any CPU
		{75A852E4-689A-4BD0-92E1-BA0937C87B30}.Debug|Any CPU.Deploy.0 = Debug|Any CPU
		{75A852E4-689A-4BD0-92E1-BA0937C87B30}.Debug|iPhone.ActiveCfg = Debug|Any CPU
		{75A852E4-689A-4BD0-92E1-BA0937C87B30}.Debug|iPhone.Build.0 = Debug|Any CPU
		{75A852E4-689A-4BD0-92E1-BA0937C87B30}.Debug|iPhone.Deploy.0 = Debug|Any CPU
		{75A852E4-689A-4BD0-92E1-BA0937C87B30}.Debug|iPhoneSimulator.ActiveCfg = Debug|Any CPU
		{75A852E4-689A-4BD0-92E1-BA0937C87B30}.Debug|iPhoneSimulator.Build.0 = Debug|Any CPU
		{75A852E4-689A-4BD0-92E1-BA0937C87B30}.Debug|iPhoneSimulator.Deploy.0 = Debug|Any CPU
		{75A852E4-689A-4BD0-92E1-BA0937C87B30}.Release|Any CPU.ActiveCfg = Release|Any CPU
		{75A852E4-689A-4BD0-92E1-BA0937C87B30}.Release|Any CPU.Build.0 = Release|Any CPU
		{75A852E4-689A-4BD0-92E1-BA0937C87B30}.Release|Any CPU.Deploy.0 = Release|Any CPU
		{75A852E4-689A-4BD0-92E1-BA0937C87B30}.Release|iPhone.ActiveCfg = Release|Any CPU
		{75A852E4-689A-4BD0-92E1-BA0937C87B30}.Release|iPhone.Build.0 = Release|Any CPU
		{75A852E4-689A-4BD0-92E1-BA0937C87B30}.Release|iPhone.Deploy.0 = Release|Any CPU
		{75A852E4-689A-4BD0-92E1-BA0937C87B30}.Release|iPhoneSimulator.ActiveCfg = Release|Any CPU
		{75A852E4-689A-4BD0-92E1-BA0937C87B30}.Release|iPhoneSimulator.Build.0 = Release|Any CPU
		{75A852E4-689A-4BD0-92E1-BA0937C87B30}.Release|iPhoneSimulator.Deploy.0 = Release|Any CPU
	EndGlobalSection
	GlobalSection(SolutionProperties) = preSolution
		HideSolutionNode = FALSE
	EndGlobalSection
	GlobalSection(ExtensibilityGlobals) = postSolution
		SolutionGuid = {094EE273-0BF3-42A5-B51A-4487DDC56CB2}
	EndGlobalSection
EndGlobal
